<?xml version="1.0" encoding="utf-8"?>
<Project ToolsVersion="4.0" xmlns="http://schemas.microsoft.com/developer/msbuild/2003">
  <ItemGroup>
    <Filter Include="Source Files">
      <UniqueIdentifier>{4FC737F1-C7A5-4376-A066-2A32D752A2FF}</UniqueIdentifier>
      <Extensions>cpp;c;cc;cxx;def;odl;idl;hpj;bat;asm;asmx</Extensions>
    </Filter>
    <Filter Include="Header Files">
      <UniqueIdentifier>{93995380-89BD-4b04-88EB-625FBE52EBFB}</UniqueIdentifier>
      <Extensions>h;hh;hpp;hxx;hm;inl;inc;xsd</Extensions>
    </Filter>
    <Filter Include="Resource Files">
      <UniqueIdentifier>{67DA6AB6-F800-4c08-8B7A-83BB121AAD01}</UniqueIdentifier>
      <Extensions>rc;ico;cur;bmp;dlg;rc2;rct;bin;rgs;gif;jpg;jpeg;jpe;resx;tiff;tif;png;wav;mfcribbon-ms</Extensions>
    </Filter>
    <Filter Include="Header Files\ksBase">
      <UniqueIdentifier>{942cfaab-b0b4-47f1-830b-2efe51a54aa7}</UniqueIdentifier>
    </Filter>
    <Filter Include="Header Files\ksPlayer">
      <UniqueIdentifier>{0f1e31a4-2039-47e3-83c3-7093dca04157}</UniqueIdentifier>
    </Filter>
    <Filter Include="Header Files\ksWorld">
      <UniqueIdentifier>{c1963008-90a0-419d-8064-5be81922375c}</UniqueIdentifier>
    </Filter>
    <Filter Include="Source Files\ksBase">
      <UniqueIdentifier>{339833c1-2215-45c9-a820-ecfc82762fe6}</UniqueIdentifier>
    </Filter>
    <Filter Include="Source Files\ksPlayer">
      <UniqueIdentifier>{5f1cd003-b7be-470b-9f00-7fa1e9a47c2a}</UniqueIdentifier>
    </Filter>
    <Filter Include="Source Files\ksWorld">
      <UniqueIdentifier>{c3aa21d3-ef3b-4b22-9aa2-e937e09aa78a}</UniqueIdentifier>
    </Filter>
  </ItemGroup>
  <ItemGroup>
    <ClInclude Include="ksColor.h">
      <Filter>Header Files\ksBase</Filter>
    </ClInclude>
    <ClInclude Include="ksDrawable.h">
      <Filter>Header Files\ksBase</Filter>
    </ClInclude>
    <ClInclude Include="ksFile.h">
      <Filter>Header Files\ksBase</Filter>
    </ClInclude>
    <ClInclude Include="ksRenderWindow.h">
      <Filter>Header Files\ksBase</Filter>
    </ClInclude>
    <ClInclude Include="ksInventory.h">
      <Filter>Header Files\ksPlayer</Filter>
    </ClInclude>
    <ClInclude Include="ksItem.h">
      <Filter>Header Files\ksPlayer</Filter>
    </ClInclude>
    <ClInclude Include="ksMenu.h">
      <Filter>Header Files\ksPlayer</Filter>
    </ClInclude>
    <ClInclude Include="ksPlayer.h">
      <Filter>Header Files\ksPlayer</Filter>
    </ClInclude>
    <ClInclude Include="ksStatus.h">
      <Filter>Header Files\ksPlayer</Filter>
    </ClInclude>
    <ClInclude Include="ksAbstract.h">
      <Filter>Header Files\ksWorld</Filter>
    </ClInclude>
    <ClInclude Include="ksAbstractLayer.h">
      <Filter>Header Files\ksWorld</Filter>
    </ClInclude>
    <ClInclude Include="ksEffect.h">
      <Filter>Header Files\ksWorld</Filter>
    </ClInclude>
    <ClInclude Include="ksMap.h">
      <Filter>Header Files\ksWorld</Filter>
    </ClInclude>
    <ClInclude Include="ksObject.h">
      <Filter>Header Files\ksWorld</Filter>
    </ClInclude>
    <ClInclude Include="ksParticle.h">
      <Filter>Header Files\ksWorld</Filter>
    </ClInclude>
    <ClInclude Include="ksParticleEngine.h">
      <Filter>Header Files\ksWorld</Filter>
    </ClInclude>
    <ClInclude Include="ksRect.h">
      <Filter>Header Files\ksWorld</Filter>
    </ClInclude>
    <ClInclude Include="ksText.h">
      <Filter>Header Files\ksWorld</Filter>
    </ClInclude>
    <ClInclude Include="ksTextLog.h">
      <Filter>Header Files\ksWorld</Filter>
    </ClInclude>
    <ClInclude Include="ksVector.h">
      <Filter>Header Files\ksWorld</Filter>
    </ClInclude>
    <ClInclude Include="ksTile.h">
      <Filter>Header Files\ksWorld</Filter>
    </ClInclude>
    <ClInclude Include="ksPlayer.hpp">
      <Filter>Header Files</Filter>
    </ClInclude>
    <ClInclude Include="ksWorld.hpp">
      <Filter>Header Files</Filter>
    </ClInclude>
    <ClInclude Include="Regime.h">
      <Filter>Header Files</Filter>
    </ClInclude>
  </ItemGroup>
  <ItemGroup>
    <ClCompile Include="main.cpp">
      <Filter>Source Files</Filter>
    </ClCompile>
    <ClCompile Include="Regime.cpp">
      <Filter>Source Files</Filter>
    </ClCompile>
    <ClCompile Include="ksDrawable.cpp">
      <Filter>Source Files\ksBase</Filter>
    </ClCompile>
    <ClCompile Include="ksFile.cpp">
      <Filter>Source Files\ksBase</Filter>
    </ClCompile>
    <ClCompile Include="ksRenderWindow.cpp">
      <Filter>Source Files\ksBase</Filter>
    </ClCompile>
    <ClCompile Include="ksMenu.cpp">
      <Filter>Source Files\ksPlayer</Filter>
    </ClCompile>
    <ClCompile Include="ksPlayer.cpp">
      <Filter>Source Files\ksPlayer</Filter>
    </ClCompile>
    <ClCompile Include="ksAbstract.cpp">
      <Filter>Source Files\ksWorld</Filter>
    </ClCompile>
    <ClCompile Include="ksAbstractLayer.cpp">
      <Filter>Source Files\ksWorld</Filter>
    </ClCompile>
    <ClCompile Include="ksEffect.cpp">
      <Filter>Source Files\ksWorld</Filter>
    </ClCompile>
    <ClCompile Include="ksMap.cpp">
      <Filter>Source Files\ksWorld</Filter>
    </ClCompile>
    <ClCompile Include="ksObject.cpp">
      <Filter>Source Files\ksWorld</Filter>
    </ClCompile>
    <ClCompile Include="ksParticleEngine.cpp">
      <Filter>Source Files\ksWorld</Filter>
    </ClCompile>
    <ClCompile Include="ksText.cpp">
      <Filter>Source Files\ksWorld</Filter>
    </ClCompile>
    <ClCompile Include="ksTextLog.cpp">
      <Filter>Source Files\ksWorld</Filter>
    </ClCompile>
  </ItemGroup>
</Project>